
Microsoft Visual Studio Solution File, Format Version 12.00
# Visual Studio Version 16
VisualStudioVersion = 16.0.31205.134
MinimumVisualStudioVersion = 10.0.40219.1
Project("{FAE04EC0-301F-11D3-BF4B-00C04F79EFBC}") = "LTM_Chat", "LTM_Chat\LTM_Chat.csproj", "{B0AF7F2F-AA53-4D2F-BCA7-9B0814C4ED0F}"
EndProject
Global
	GlobalSection(SolutionConfigurationPlatforms) = preSolution
		Debug|Any CPU = Debug|Any CPU
		Release|Any CPU = Release|Any CPU
	EndGlobalSection
	GlobalSection(ProjectConfigurationPlatforms) = postSolution
		{B0AF7F2F-AA53-4D2F-BCA7-9B0814C4ED0F}.Debug|Any CPU.ActiveCfg = Debug|Any CPU
		{B0AF7F2F-AA53-4D2F-BCA7-9B0814C4ED0F}.Debug|Any CPU.Build.0 = Debug|Any CPU
		{B0AF7F2F-AA53-4D2F-BCA7-9B0814C4ED0F}.Release|Any CPU.ActiveCfg = Release|Any CPU
		{B0AF7F2F-AA53-4D2F-BCA7-9B0814C4ED0F}.Release|Any CPU.Build.0 = Release|Any CPU
	EndGlobalSection
	GlobalSection(SolutionProperties) = preSolution
		HideSolutionNode = FALSE
	EndGlobalSection
	GlobalSection(ExtensibilityGlobals) = postSolution
		SolutionGuid = {AD6E272A-35C1-42BE-8CBD-BD58D7435571}
	EndGlobalSection
EndGlobal
